
Microsoft Visual Studio Solution File, Format Version 12.00
# Visual Studio Version 17
VisualStudioVersion = 17.9.34607.119
MinimumVisualStudioVersion = 10.0.40219.1
Project("{888888A0-9F3D-457C-B088-3A5042F75D52}") = "PythonApplication36", "PythonApplication36\PythonApplication36.pyproj", "{1AF01062-F340-4701-BA28-561CE6835D50}"
EndProject
Global
	GlobalSection(SolutionConfigurationPlatforms) = preSolution
		Debug|Any CPU = Debug|Any CPU
		Release|Any CPU = Release|Any CPU
	EndGlobalSection
	GlobalSection(ProjectConfigurationPlatforms) = postSolution
		{1AF01062-F340-4701-BA28-561CE6835D50}.Debug|Any CPU.ActiveCfg = Debug|Any CPU
		{1AF01062-F340-4701-BA28-561CE6835D50}.Release|Any CPU.ActiveCfg = Release|Any CPU
	EndGlobalSection
	GlobalSection(SolutionProperties) = preSolution
		HideSolutionNode = FALSE
	EndGlobalSection
	GlobalSection(ExtensibilityGlobals) = postSolution
		SolutionGuid = {6D46B412-95F3-48EA-B0FC-17851CB44868}
	EndGlobalSection
EndGlobal
